{
    "_readme": [
        "This file locks the dependencies of your project to a known state",
        "Read more about it at https://getcomposer.org/doc/01-basic-usage.md#composer-lock-the-lock-file",
        "This file is @generated automatically"
    ],
    "hash": "509c2311b96309de756c6d154157c329",
    "content-hash": "fc2349de85c0631dd3257421bc4dcada",
    "packages": [
        {
            "name": "league/json-guard",
            "version": "0.5.1",
            "source": {
                "type": "git",
                "url": "https://github.com/thephpleague/json-guard.git",
                "reference": "b3f89183e24496a4a51cc334544aba99343e6fcb"
            },
            "dist": {
                "type": "zip",
                "url": "https://api.github.com/repos/thephpleague/json-guard/zipball/b3f89183e24496a4a51cc334544aba99343e6fcb",
                "reference": "b3f89183e24496a4a51cc334544aba99343e6fcb",
                "shasum": ""
            },
            "require": {
                "php": ">=5.5.0",
                "sabre/uri": "^1.1"
            },
            "require-dev": {
                "ext-bcmath": "*",
                "ext-curl": "*",
                "json-schema/json-schema-test-suite": "1.2.0",
                "phpunit/phpunit": "4.*",
                "scrutinizer/ocular": "~1.1",
                "squizlabs/php_codesniffer": "~2.3"
            },
            "suggest": {
                "ext-bcmath": "Required to properly check constraints for numbers larger than PHP_INT_MAX."
            },
            "type": "library",
            "extra": {
                "branch-alias": {
                    "dev-master": "1.0-dev"
                }
            },
            "autoload": {
                "psr-4": {
                    "League\\JsonGuard\\": "src"
                },
                "files": [
                    "src/functions.php"
                ]
            },
            "notification-url": "https://packagist.org/downloads/",
            "license": [
                "MIT"
            ],
            "authors": [
                {
                    "name": "Matthew Allan",
                    "email": "matthew.james.allan@gmail.com",
                    "homepage": "https://mattallan.org",
                    "role": "Developer"
                }
            ],
            "description": "A validator for JSON using json-schema.",
            "homepage": "https://github.com/thephpleague/json-guard",
            "keywords": [
                "json",
                "json-schema",
                "json-schema.org",
                "schema",
                "validation"
            ],
            "time": "2016-11-28 22:45:27"
        },
        {
            "name": "mongodb/mongodb",
            "version": "1.0.3",
            "source": {
                "type": "git",
                "url": "https://github.com/mongodb/mongo-php-library.git",
                "reference": "3c742f3ceffc4dc67fee02dc6ebfc2e7cb403b7c"
            },
            "dist": {
                "type": "zip",
                "url": "https://api.github.com/repos/mongodb/mongo-php-library/zipball/3c742f3ceffc4dc67fee02dc6ebfc2e7cb403b7c",
                "reference": "3c742f3ceffc4dc67fee02dc6ebfc2e7cb403b7c",
                "shasum": ""
            },
            "require": {
                "ext-mongodb": "^1.1.0",
                "php": ">=5.4"
            },
            "type": "library",
            "autoload": {
                "psr-4": {
                    "MongoDB\\": "src/"
                },
                "files": [
                    "src/functions.php"
                ]
            },
            "notification-url": "https://packagist.org/downloads/",
            "license": [
                "Apache-2.0"
            ],
            "authors": [
                {
                    "name": "Jeremy Mikola",
                    "email": "jmikola@gmail.com"
                },
                {
                    "name": "Hannes Magnusson",
                    "email": "bjori@mongodb.com"
                },
                {
                    "name": "Derick Rethans",
                    "email": "github@derickrethans.nl"
                }
            ],
            "description": "MongoDB driver library",
            "homepage": "https://jira.mongodb.org/browse/PHPLIB",
            "keywords": [
                "database",
                "driver",
                "mongodb",
                "persistence"
            ],
            "time": "2016-09-23 19:38:29"
        },
        {
            "name": "sabre/uri",
            "version": "1.1.1",
            "source": {
                "type": "git",
                "url": "https://github.com/fruux/sabre-uri.git",
                "reference": "258b72540fe3f2c0bb395cb40e56f9ae409f93b5"
            },
            "dist": {
                "type": "zip",
                "url": "https://api.github.com/repos/fruux/sabre-uri/zipball/258b72540fe3f2c0bb395cb40e56f9ae409f93b5",
                "reference": "258b72540fe3f2c0bb395cb40e56f9ae409f93b5",
                "shasum": ""
            },
            "require": {
                "php": ">=5.4.7"
            },
            "require-dev": {
                "phpunit/phpunit": "*",
                "sabre/cs": "~1.0.0"
            },
            "type": "library",
            "autoload": {
                "files": [
                    "lib/functions.php"
                ],
                "psr-4": {
                    "Sabre\\Uri\\": "lib/"
                }
            },
            "notification-url": "https://packagist.org/downloads/",
            "license": [
                "BSD-3-Clause"
            ],
            "authors": [
                {
                    "name": "Evert Pot",
                    "email": "me@evertpot.com",
                    "homepage": "http://evertpot.com/",
                    "role": "Developer"
                }
            ],
            "description": "Functions for making sense out of URIs.",
            "homepage": "http://sabre.io/uri/",
            "keywords": [
                "rfc3986",
                "uri",
                "url"
            ],
            "time": "2016-10-27 04:56:33"
        }
    ],
    "packages-dev": [],
    "aliases": [],
    "minimum-stability": "stable",
    "stability-flags": [],
    "prefer-stable": false,
    "prefer-lowest": false,
    "platform": [],
    "platform-dev": []
}
